
Microsoft Visual Studio Solution File, Format Version 12.00
# Visual Studio 15
VisualStudioVersion = 15.0.26730.12
MinimumVisualStudioVersion = 10.0.40219.1
Project("{F2A71F9B-5D33-465A-A702-920D77279786}") = "TestThreadIssue", "TestThreadIssue\TestThreadIssue.fsproj", "{2079D878-A8B8-4A17-8041-86E91EF759CF}"
EndProject
Global
	GlobalSection(SolutionConfigurationPlatforms) = preSolution
		Debug|Any CPU = Debug|Any CPU
		Release|Any CPU = Release|Any CPU
	EndGlobalSection
	GlobalSection(ProjectConfigurationPlatforms) = postSolution
		{2079D878-A8B8-4A17-8041-86E91EF759CF}.Debug|Any CPU.ActiveCfg = Debug|Any CPU
		{2079D878-A8B8-4A17-8041-86E91EF759CF}.Debug|Any CPU.Build.0 = Debug|Any CPU
		{2079D878-A8B8-4A17-8041-86E91EF759CF}.Release|Any CPU.ActiveCfg = Release|Any CPU
		{2079D878-A8B8-4A17-8041-86E91EF759CF}.Release|Any CPU.Build.0 = Release|Any CPU
	EndGlobalSection
	GlobalSection(SolutionProperties) = preSolution
		HideSolutionNode = FALSE
	EndGlobalSection
	GlobalSection(ExtensibilityGlobals) = postSolution
		SolutionGuid = {66EDE959-6773-465A-A598-E6F4A3DE1973}
	EndGlobalSection
EndGlobal
